Microsoft Visual Studio Solution File, Format Version 12.00
# Visual Studio Version 17
VisualStudioVersion = 17.5.2.0
MinimumVisualStudioVersion = 10.0.40219.1
Project("{2150E333-8FDC-42A3-9474-1A3956D46DE8}") = "04_File_reader_opgave", "04_File_reader_opgave", "{1DEA47B3-D83B-B475-9A97-752F0C4898B0}"
EndProject
Project("{FAE04EC0-301F-11D3-BF4B-00C04F79EFBC}") = "C#", "04_File_reader_opgave\C#\C#.csproj", "{07CE56A1-7F96-75BD-6CF3-8EF7DFADF2E5}"
EndProject
Global
	GlobalSection(SolutionConfigurationPlatforms) = preSolution
		Debug|Any CPU = Debug|Any CPU
		Release|Any CPU = Release|Any CPU
	EndGlobalSection
	GlobalSection(ProjectConfigurationPlatforms) = postSolution
		{07CE56A1-7F96-75BD-6CF3-8EF7DFADF2E5}.Debug|Any CPU.ActiveCfg = Debug|Any CPU
		{07CE56A1-7F96-75BD-6CF3-8EF7DFADF2E5}.Debug|Any CPU.Build.0 = Debug|Any CPU
		{07CE56A1-7F96-75BD-6CF3-8EF7DFADF2E5}.Release|Any CPU.ActiveCfg = Release|Any CPU
		{07CE56A1-7F96-75BD-6CF3-8EF7DFADF2E5}.Release|Any CPU.Build.0 = Release|Any CPU
	EndGlobalSection
	GlobalSection(SolutionProperties) = preSolution
		HideSolutionNode = FALSE
	EndGlobalSection
	GlobalSection(NestedProjects) = preSolution
		{07CE56A1-7F96-75BD-6CF3-8EF7DFADF2E5} = {1DEA47B3-D83B-B475-9A97-752F0C4898B0}
	EndGlobalSection
	GlobalSection(ExtensibilityGlobals) = postSolution
		SolutionGuid = {AEC1BB64-A3D6-4DB0-BC52-4A9331A51580}
	EndGlobalSection
EndGlobal
